
Microsoft Visual Studio Solution File, Format Version 12.00
# Visual Studio Version 16
VisualStudioVersion = 16.0.31424.327
MinimumVisualStudioVersion = 10.0.40219.1
Project("{FAE04EC0-301F-11D3-BF4B-00C04F79EFBC}") = "SnakeAndLadderGame", "SnakeAndLadderGame\SnakeAndLadderGame.csproj", "{FE0AA582-DDF3-4A55-BE2A-2CDAEBCCB645}"
EndProject
Global
	GlobalSection(SolutionConfigurationPlatforms) = preSolution
		Debug|Any CPU = Debug|Any CPU
		Release|Any CPU = Release|Any CPU
	EndGlobalSection
	GlobalSection(ProjectConfigurationPlatforms) = postSolution
		{FE0AA582-DDF3-4A55-BE2A-2CDAEBCCB645}.Debug|Any CPU.ActiveCfg = Debug|Any CPU
		{FE0AA582-DDF3-4A55-BE2A-2CDAEBCCB645}.Debug|Any CPU.Build.0 = Debug|Any CPU
		{FE0AA582-DDF3-4A55-BE2A-2CDAEBCCB645}.Release|Any CPU.ActiveCfg = Release|Any CPU
		{FE0AA582-DDF3-4A55-BE2A-2CDAEBCCB645}.Release|Any CPU.Build.0 = Release|Any CPU
	EndGlobalSection
	GlobalSection(SolutionProperties) = preSolution
		HideSolutionNode = FALSE
	EndGlobalSection
	GlobalSection(ExtensibilityGlobals) = postSolution
		SolutionGuid = {A4BB5FBE-B376-4A69-8115-FC5A19222FE2}
	EndGlobalSection
EndGlobal
